
Microsoft Visual Studio Solution File, Format Version 12.00
# Visual Studio Version 16
VisualStudioVersion = 25.0.1704.0
MinimumVisualStudioVersion = 10.0.40219.1
Project("{FAE04EC0-301F-11D3-BF4B-00C04F79EFBC}") = "Test 1", "Test 1\Test 1.csproj", "{71F40CBF-C827-423F-BE5B-12375A616CDB}"
EndProject
Global
	GlobalSection(SolutionConfigurationPlatforms) = preSolution
		Debug|Any CPU = Debug|Any CPU
		Release|Any CPU = Release|Any CPU
	EndGlobalSection
	GlobalSection(ProjectConfigurationPlatforms) = postSolution
		{71F40CBF-C827-423F-BE5B-12375A616CDB}.Debug|Any CPU.ActiveCfg = Debug|Any CPU
		{71F40CBF-C827-423F-BE5B-12375A616CDB}.Debug|Any CPU.Build.0 = Debug|Any CPU
		{71F40CBF-C827-423F-BE5B-12375A616CDB}.Release|Any CPU.ActiveCfg = Release|Any CPU
		{71F40CBF-C827-423F-BE5B-12375A616CDB}.Release|Any CPU.Build.0 = Release|Any CPU
	EndGlobalSection
	GlobalSection(SolutionProperties) = preSolution
		HideSolutionNode = FALSE
	EndGlobalSection
	GlobalSection(ExtensibilityGlobals) = postSolution
		SolutionGuid = {8E62B345-437F-469C-9A5C-A6960BED2FF0}
	EndGlobalSection
EndGlobal
